# This file is automatically @generated by Cargo.
# It is not intended for manual editing.
version = 4

[[package]]
name = "subms"
version = "0.9.4"
source = "registry+https://github.com/rust-lang/crates.io-index"
checksum = "0f0d5d63c1cfdee203feb3c17b4b3dcd555ed68c1a8ff1e28d2f5b24ffcc26e8"

[[package]]
name = "subms-arena-allocator"
version = "0.9.1"
dependencies = [
 "subms",
]
