# This file is automatically @generated by Cargo.
# It is not intended for manual editing.
version = 4

[[package]]
name = "subms"
version = "0.8.1"
source = "registry+https://github.com/rust-lang/crates.io-index"
checksum = "04c2a4c7b1607e39877d25e51a5301d8d0490fbfa530cf10778c4ccf7eb5487f"

[[package]]
name = "subms-cuckoo-filter"
version = "0.8.1"
dependencies = [
 "subms",
]
