# This file is automatically @generated by Cargo.
# It is not intended for manual editing.
version = 4

[[package]]
name = "subms"
version = "0.3.0"
source = "registry+https://github.com/rust-lang/crates.io-index"
checksum = "a1d9c1aabd6f9b24f3f9c4c86bcec2e986171e8678df2bed95be8d6080dd3e92"

[[package]]
name = "subms-spsc-ring-buffer"
version = "0.3.0"
dependencies = [
 "subms",
]
