# This file is automatically @generated by Cargo.
# It is not intended for manual editing.
version = 4

[[package]]
name = "subms"
version = "0.9.3"
source = "registry+https://github.com/rust-lang/crates.io-index"
checksum = "58f9a2177a69380a02726f392f932b3cc536e86bb45ce39fdc3060103f259d5b"

[[package]]
name = "subms-spsc-ring-buffer"
version = "0.9.1"
dependencies = [
 "subms",
]
