# This file is automatically @generated by Cargo.
# It is not intended for manual editing.
version = 4

[[package]]
name = "subms"
version = "0.7.1"

[[package]]
name = "subms-events"
version = "0.7.0"

[[package]]
name = "subms-events-store"
version = "0.7.0"
dependencies = [
 "subms",
 "subms-events",
]
