# This file is automatically @generated by Cargo.
# It is not intended for manual editing.
version = 4

[[package]]
name = "subms"
version = "0.5.2"

[[package]]
name = "subms-ts"
version = "0.6.0"

[[package]]
name = "subms-ts-expr"
version = "0.6.0"
dependencies = [
 "subms-ts",
]

[[package]]
name = "subms-ts-lazy"
version = "0.6.0"
dependencies = [
 "subms",
 "subms-ts",
 "subms-ts-expr",
 "subms-ts-plan",
]

[[package]]
name = "subms-ts-plan"
version = "0.6.0"
