# This file is automatically @generated by Cargo.
# It is not intended for manual editing.
version = 4

[[package]]
name = "subms"
version = "0.9.0"
source = "registry+https://github.com/rust-lang/crates.io-index"
checksum = "76fe1d8b54bb2d19a05ec50ff86297d9aa7ab8a47a7db981aa529225642f3d36"

[[package]]
name = "subms-adaptive-radix-tree"
version = "0.9.0"
dependencies = [
 "subms",
]
