# This file is automatically @generated by Cargo.
# It is not intended for manual editing.
version = 4

[[package]]
name = "subms"
version = "0.9.2"
source = "registry+https://github.com/rust-lang/crates.io-index"
checksum = "4a767b7ace71e8f60a17e0bc12f2fe2816e27671e37b53b06db5b66366f458a5"

[[package]]
name = "subms-adaptive-radix-tree"
version = "0.9.1"
dependencies = [
 "subms",
]
